// !$*UTF8*$!
{
	archiveVersion = 1;
	classes = {
	};
	objectVersion = 46;
	objects = {

/* Begin PBXBuildFile section */
		C52C7CDD1C3990F900B64106 /* AppDelegate.swift in Sources */ = {isa = PBXBuildFile; fileRef = C52C7CDC1C3990F900B64106 /* AppDelegate.swift */; };
		C52C7CDF1C3990F900B64106 /* ViewController.swift in Sources */ = {isa = PBXBuildFile; fileRef = C52C7CDE1C3990F900B64106 /* ViewController.swift */; };
		C52C7CE21C3990F900B64106 /* Main.storyboard in Resources */ = {isa = PBXBuildFile; fileRef = C52C7CE01C3990F900B64106 /* Main.storyboard */; };
		C52C7CE41C3990F900B64106 /* Assets.xcassets in Resources */ = {isa = PBXBuildFile; fileRef = C52C7CE31C3990F900B64106 /* Assets.xcassets */; };
		C52C7CE71C3990F900B64106 /* LaunchScreen.storyboard in Resources */ = {isa = PBXBuildFile; fileRef = C52C7CE51C3990F900B64106 /* LaunchScreen.storyboard */; };
		C52C7CEF1C39917300B64106 /* Datos.swift in Sources */ = {isa = PBXBuildFile; fileRef = C52C7CEE1C39917300B64106 /* Datos.swift */; };
/* End PBXBuildFile section */

/* Begin PBXFileReference section */
		C52C7CD91C3990F900B64106 /* Hambuerguesas El Mundo.app */ = {isa = PBXFileReference; explicitFileType = wrapper.application; includeInIndex = 0; path = "Hambuerguesas El Mundo.app"; sourceTree = BUILT_PRODUCTS_DIR; };
		C52C7CDC1C3990F900B64106 /* AppDelegate.swift */ = {isa = PBXFileReference; lastKnownFileType = sourcecode.swift; path = AppDelegate.swift; sourceTree = "<group>"; };
		C52C7CDE1C3990F900B64106 /* ViewController.swift */ = {isa = PBXFileReference; lastKnownFileType = sourcecode.swift; path = ViewController.swift; sourceTree = "<group>"; };
		C52C7CE11C3990F900B64106 /* Base */ = {isa = PBXFileReference; lastKnownFileType = file.storyboard; name = Base; path = Base.lproj/Main.storyboard; sourceTree = "<group>"; };
		C52C7CE31C3990F900B64106 /* Assets.xcassets */ = {isa = PBXFileReference; lastKnownFileType = folder.assetcatalog; path = Assets.xcassets; sourceTree = "<group>"; };
		C52C7CE61C3990F900B64106 /* Base */ = {isa = PBXFileReference; lastKnownFileType = file.storyboard; name = Base; path = Base.lproj/LaunchScreen.storyboard; sourceTree = "<group>"; };
		C52C7CE81C3990F900B64106 /* Info.plist */ = {isa = PBXFileReference; lastKnownFileType = text.plist.xml; path = Info.plist; sourceTree = "<group>"; };
		C52C7CEE1C39917300B64106 /* Datos.swift */ = {isa = PBXFileReference; fileEncoding = 4; lastKnownFileType = sourcecode.swift; path = Datos.swift; sourceTree = "<group>"; };
/* End PBXFileReference section */

/* Begin PBXFrameworksBuildPhase section */
		C52C7CD61C3990F900B64106 /* Frameworks */ = {
			isa = PBXFrameworksBuildPhase;
			buildActionMask = 2147483647;
			files = (
			);
			runOnlyForDeploymentPostprocessing = 0;
		};
/* End PBXFrameworksBuildPhase section */

/* Begin PBXGroup section */
		C52C7CD01C3990F900B64106 = {
			isa = PBXGroup;
			children = (
				C52C7CDB1C3990F900B64106 /* Hambuerguesas El Mundo */,
				C52C7CDA1C3990F900B64106 /* Products */,
			);
			sourceTree = "<group>";
		};
		C52C7CDA1C3990F900B64106 /* Products */ = {
			isa = PBXGroup;
			children = (
				C52C7CD91C3990F900B64106 /* Hambuerguesas El Mundo.app */,
			);
			name = Products;
			sourceTree = "<group>";
		};
		C52C7CDB1C3990F900B64106 /* Hambuerguesas El Mundo */ = {
			isa = PBXGroup;
			children = (
				C52C7CDC1C3990F900B64106 /* AppDelegate.swift */,
				C52C7CDE1C3990F900B64106 /* ViewController.swift */,
				C52C7CE01C3990F900B64106 /* Main.storyboard */,
				C52C7CE31C3990F900B64106 /* Assets.xcassets */,
				C52C7CE51C3990F900B64106 /* LaunchScreen.storyboard */,
				C52C7CE81C3990F900B64106 /* Info.plist */,
				C52C7CEE1C39917300B64106 /* Datos.swift */,
			);
			path = "Hambuerguesas El Mundo";
			sourceTree = "<group>";
		};
/* End PBXGroup section */

/* Begin PBXNativeTarget section */
		C52C7CD81C3990F900B64106 /* Hambuerguesas El Mundo */ = {
			isa = PBXNativeTarget;
			buildConfigurationList = C52C7CEB1C3990F900B64106 /* Build configuration list for PBXNativeTarget "Hambuerguesas El Mundo" */;
			buildPhases = (
				C52C7CD51C3990F900B64106 /* Sources */,
				C52C7CD61C3990F900B64106 /* Frameworks */,
				C52C7CD71C3990F900B64106 /* Resources */,
			);
			buildRules = (
			);
			dependencies = (
			);
			name = "Hambuerguesas El Mundo";
			productName = "Hambuerguesas El Mundo";
			productReference = C52C7CD91C3990F900B64106 /* Hambuerguesas El Mundo.app */;
			productType = "com.apple.product-type.application";
		};
/* End PBXNativeTarget section */

/* Begin PBXProject section */
		C52C7CD11C3990F900B64106 /* Project object */ = {
			isa = PBXProject;
			attributes = {
				LastSwiftUpdateCheck = 0720;
				LastUpgradeCheck = 0720;
				ORGANIZATIONNAME = "Diego Chavez";
				TargetAttributes = {
					C52C7CD81C3990F900B64106 = {
						CreatedOnToolsVersion = 7.2;
					};
				};
			};
			buildConfigurationList = C52C7CD41C3990F900B64106 /* Build configuration list for PBXProject "Hambuerguesas El Mundo" */;
			compatibilityVersion = "Xcode 3.2";
			developmentRegion = English;
			hasScannedForEncodings = 0;
			knownRegions = (
				en,
				Base,
			);
			mainGroup = C52C7CD01C3990F900B64106;
			productRefGroup = C52C7CDA1C3990F900B64106 /* Products */;
			projectDirPath = "";
			projectRoot = "";
			targets = (
				C52C7CD81C3990F900B64106 /* Hambuerguesas El Mundo */,
			);
		};
/* End PBXProject section */

/* Begin PBXResourcesBuildPhase section */
		C52C7CD71C3990F900B64106 /* Resources */ = {
			isa = PBXResourcesBuildPhase;
			buildActionMask = 2147483647;
			files = (
				C52C7CE71C3990F900B64106 /* LaunchScreen.storyboard in Resources */,
				C52C7CE41C3990F900B64106 /* Assets.xcassets in Resources */,
				C52C7CE21C3990F900B64106 /* Main.storyboard in Resources */,
			);
			runOnlyForDeploymentPostprocessing = 0;
		};
/* End PBXResourcesBuildPhase section */

/* Begin PBXSourcesBuildPhase section */
		C52C7CD51C3990F900B64106 /* Sources */ = {
			isa = PBXSourcesBuildPhase;
			buildActionMask = 2147483647;
			files = (
				C52C7CDF1C3990F900B64106 /* ViewController.swift in Sources */,
				C52C7CDD1C3990F900B64106 /* AppDelegate.swift in Sources */,
				C52C7CEF1C39917300B64106 /* Datos.swift in Sources */,
			);
			runOnlyForDeploymentPostprocessing = 0;
		};
/* End PBXSourcesBuildPhase section */

/* Begin PBXVariantGroup section */
		C52C7CE01C3990F900B64106 /* Main.storyboard */ = {
			isa = PBXVariantGroup;
			children = (
				C52C7CE11C3990F900B64106 /* Base */,
			);
			name = Main.storyboard;
			sourceTree = "<group>";
		};
		C52C7CE51C3990F900B64106 /* LaunchScreen.storyboard */ = {
			isa = PBXVariantGroup;
			children = (
				C52C7CE61C3990F900B64106 /* Base */,
			);
			name = LaunchScreen.storyboard;
			sourceTree = "<group>";
		};
/* End PBXVariantGroup section */

/* Begin XCBuildConfiguration section */
		C52C7CE91C3990F900B64106 /* Debug */ = {
			isa = XCBuildConfiguration;
			buildSettings = {
				ALWAYS_SEARCH_USER_PATHS = NO;
				CLANG_CXX_LANGUAGE_STANDARD = "gnu++0x";
				CLANG_CXX_LIBRARY = "libc++";
				CLANG_ENABLE_MODULES = YES;
				CLANG_ENABLE_OBJC_ARC = YES;
				CLANG_WARN_BOOL_CONVERSION = YES;
				CLANG_WARN_CONSTANT_CONVERSION = YES;
				CLANG_WARN_DIRECT_OBJC_ISA_USAGE = YES_ERROR;
				CLANG_WARN_EMPTY_BODY = YES;
				CLANG_WARN_ENUM_CONVERSION = YES;
				CLANG_WARN_INT_CONVERSION = YES;
				CLANG_WARN_OBJC_ROOT_CLASS = YES_ERROR;
				CLANG_WARN_UNREACHABLE_CODE = YES;
				CLANG_WARN__DUPLICATE_METHOD_MATCH = YES;
				"CODE_SIGN_IDENTITY[sdk=iphoneos*]" = "iPhone Developer";
				COPY_PHASE_STRIP = NO;
				DEBUG_INFORMATION_FORMAT = dwarf;
				ENABLE_STRICT_OBJC_MSGSEND = YES;
				ENABLE_TESTABILITY = YES;
				GCC_C_LANGUAGE_STANDARD = gnu99;
				GCC_DYNAMIC_NO_PIC = NO;
				GCC_NO_COMMON_BLOCKS = YES;
				GCC_OPTIMIZATION_LEVEL = 0;
				GCC_PREPROCESSOR_DEFINITIONS = (
					"DEBUG=1",
					"$(inherited)",
				);
				GCC_WARN_64_TO_32_BIT_CONVERSION = YES;
				GCC_WARN_ABOUT_RETURN_TYPE = YES_ERROR;
				GCC_WARN_UNDECLARED_SELECTOR = YES;
				GCC_WARN_UNINITIALIZED_AUTOS = YES_AGGRESSIVE;
				GCC_WARN_UNUSED_FUNCTION = YES;
				GCC_WARN_UNUSED_VARIABLE = YES;
				IPHONEOS_DEPLOYMENT_TARGET = 9.2;
				MTL_ENABLE_DEBUG_INFO = YES;
				ONLY_ACTIVE_ARCH = YES;
				SDKROOT = iphoneos;
				SWIFT_OPTIMIZATION_LEVEL = "-Onone";
			};
			name = Debug;
		};
		C52C7CEA1C3990F900B64106 /* Release */ = {
			isa = XCBuildConfiguration;
			buildSettings = {
				ALWAYS_SEARCH_USER_PATHS = NO;
				CLANG_CXX_LANGUAGE_STANDARD = "gnu++0x";
				CLANG_CXX_LIBRARY = "libc++";
				CLANG_ENABLE_MODULES = YES;
				CLANG_ENABLE_OBJC_ARC = YES;
				CLANG_WARN_BOOL_CONVERSION = YES;
				CLANG_WARN_CONSTANT_CONVERSION = YES;
				CLANG_WARN_DIRECT_OBJC_ISA_USAGE = YES_ERROR;
				CLANG_WARN_EMPTY_BODY = YES;
				CLANG_WARN_ENUM_CONVERSION = YES;
				CLANG_WARN_INT_CONVERSION = YES;
				CLANG_WARN_OBJC_ROOT_CLASS = YES_ERROR;
				CLANG_WARN_UNREACHABLE_CODE = YES;
				CLANG_WARN__DUPLICATE_METHOD_MATCH = YES;
				"CODE_SIGN_IDENTITY[sdk=iphoneos*]" = "iPhone Developer";
				COPY_PHASE_STRIP = NO;
				DEBUG_INFORMATION_FORMAT = "dwarf-with-dsym";
				ENABLE_NS_ASSERTIONS = NO;
				ENABLE_STRICT_OBJC_MSGSEND = YES;
				GCC_C_LANGUAGE_STANDARD = gnu99;
				GCC_NO_COMMON_BLOCKS = YES;
				GCC_WARN_64_TO_32_BIT_CONVERSION = YES;
				GCC_WARN_ABOUT_RETURN_TYPE = YES_ERROR;
				GCC_WARN_UNDECLARED_SELECTOR = YES;
				GCC_WARN_UNINITIALIZED_AUTOS = YES_AGGRESSIVE;
				GCC_WARN_UNUSED_FUNCTION = YES;
				GCC_WARN_UNUSED_VARIABLE = YES;
				IPHONEOS_DEPLOYMENT_TARGET = 9.2;
				MTL_ENABLE_DEBUG_INFO = NO;
				SDKROOT = iphoneos;
				VALIDATE_PRODUCT = YES;
			};
			name = Release;
		};
		C52C7CEC1C3990F900B64106 /* Debug */ = {
			isa = XCBuildConfiguration;
			buildSettings = {
				ASSETCATALOG_COMPILER_APPICON_NAME = AppIcon;
				INFOPLIST_FILE = "Hambuerguesas El Mundo/Info.plist";
				LD_RUNPATH_SEARCH_PATHS = "$(inherited) @executable_path/Frameworks";
				PRODUCT_BUNDLE_IDENTIFIER = "com.volumens.Hambuerguesas-El-Mundo";
				PRODUCT_NAME = "$(TARGET_NAME)";
			};
			name = Debug;
		};
		C52C7CED1C3990F900B64106 /* Release */ = {
			isa = XCBuildConfiguration;
			buildSettings = {
				ASSETCATALOG_COMPILER_APPICON_NAME = AppIcon;
				INFOPLIST_FILE = "Hambuerguesas El Mundo/Info.plist";
				LD_RUNPATH_SEARCH_PATHS = "$(inherited) @executable_path/Frameworks";
				PRODUCT_BUNDLE_IDENTIFIER = "com.volumens.Hambuerguesas-El-Mundo";
				PRODUCT_NAME = "$(TARGET_NAME)";
			};
			name = Release;
		};
/* End XCBuildConfiguration section */

/* Begin XCConfigurationList section */
		C52C7CD41C3990F900B64106 /* Build configuration list for PBXProject "Hambuerguesas El Mundo" */ = {
			isa = XCConfigurationList;
			buildConfigurations = (
				C52C7CE91C3990F900B64106 /* Debug */,
				C52C7CEA1C3990F900B64106 /* Release */,
			);
			defaultConfigurationIsVisible = 0;
			defaultConfigurationName = Release;
		};
		C52C7CEB1C3990F900B64106 /* Build configuration list for PBXNativeTarget "Hambuerguesas El Mundo" */ = {
			isa = XCConfigurationList;
			buildConfigurations = (
				C52C7CEC1C3990F900B64106 /* Debug */,
				C52C7CED1C3990F900B64106 /* Release */,
			);
			defaultConfigurationIsVisible = 0;
		};
/* End XCConfigurationList section */
	};
	rootObject = C52C7CD11C3990F900B64106 /* Project object */;
}
